
Microsoft Visual Studio Solution File, Format Version 12.00
# Visual Studio 15
VisualStudioVersion = 15.0.28307.572
MinimumVisualStudioVersion = 10.0.40219.1
Project("{FAE04EC0-301F-11D3-BF4B-00C04F79EFBC}") = "3", "3\3.csproj", "{78FFBA0E-752C-49BB-BF56-C4462BD6C221}"
EndProject
Global
	GlobalSection(SolutionConfigurationPlatforms) = preSolution
		Debug|Any CPU = Debug|Any CPU
		Release|Any CPU = Release|Any CPU
	EndGlobalSection
	GlobalSection(ProjectConfigurationPlatforms) = postSolution
		{78FFBA0E-752C-49BB-BF56-C4462BD6C221}.Debug|Any CPU.ActiveCfg = Debug|Any CPU
		{78FFBA0E-752C-49BB-BF56-C4462BD6C221}.Debug|Any CPU.Build.0 = Debug|Any CPU
		{78FFBA0E-752C-49BB-BF56-C4462BD6C221}.Release|Any CPU.ActiveCfg = Release|Any CPU
		{78FFBA0E-752C-49BB-BF56-C4462BD6C221}.Release|Any CPU.Build.0 = Release|Any CPU
	EndGlobalSection
	GlobalSection(SolutionProperties) = preSolution
		HideSolutionNode = FALSE
	EndGlobalSection
	GlobalSection(ExtensibilityGlobals) = postSolution
		SolutionGuid = {860013CE-692E-4071-8829-9B86F986BDE9}
	EndGlobalSection
EndGlobal
